
Microsoft Visual Studio Solution File, Format Version 12.00
# Visual Studio 15
VisualStudioVersion = 15.0.27130.2024
MinimumVisualStudioVersion = 10.0.40219.1
Project("{FAE04EC0-301F-11D3-BF4B-00C04F79EFBC}") = "TarpineUzduotis78Skaidre", "TarpineUzduotis78Skaidre\TarpineUzduotis78Skaidre.csproj", "{BE63F148-CD53-43F5-A123-8E31A80EF6AB}"
EndProject
Global
	GlobalSection(SolutionConfigurationPlatforms) = preSolution
		Debug|Any CPU = Debug|Any CPU
		Release|Any CPU = Release|Any CPU
	EndGlobalSection
	GlobalSection(ProjectConfigurationPlatforms) = postSolution
		{BE63F148-CD53-43F5-A123-8E31A80EF6AB}.Debug|Any CPU.ActiveCfg = Debug|Any CPU
		{BE63F148-CD53-43F5-A123-8E31A80EF6AB}.Debug|Any CPU.Build.0 = Debug|Any CPU
		{BE63F148-CD53-43F5-A123-8E31A80EF6AB}.Release|Any CPU.ActiveCfg = Release|Any CPU
		{BE63F148-CD53-43F5-A123-8E31A80EF6AB}.Release|Any CPU.Build.0 = Release|Any CPU
	EndGlobalSection
	GlobalSection(SolutionProperties) = preSolution
		HideSolutionNode = FALSE
	EndGlobalSection
	GlobalSection(ExtensibilityGlobals) = postSolution
		SolutionGuid = {8A11FDF5-DDE8-4AFF-AB02-7B5A1DFA502C}
	EndGlobalSection
EndGlobal
